
Microsoft Visual Studio Solution File, Format Version 12.00
# Visual Studio 15
VisualStudioVersion = 15.0.27428.2037
MinimumVisualStudioVersion = 10.0.40219.1
Project("{FAE04EC0-301F-11D3-BF4B-00C04F79EFBC}") = "SoccerStats", "SoccerStats\SoccerStats.csproj", "{AEF47506-0E67-4F69-9537-8F88483BE054}"
EndProject
Global
	GlobalSection(SolutionConfigurationPlatforms) = preSolution
		Debug|Any CPU = Debug|Any CPU
		Release|Any CPU = Release|Any CPU
	EndGlobalSection
	GlobalSection(ProjectConfigurationPlatforms) = postSolution
		{AEF47506-0E67-4F69-9537-8F88483BE054}.Debug|Any CPU.ActiveCfg = Debug|Any CPU
		{AEF47506-0E67-4F69-9537-8F88483BE054}.Debug|Any CPU.Build.0 = Debug|Any CPU
		{AEF47506-0E67-4F69-9537-8F88483BE054}.Release|Any CPU.ActiveCfg = Release|Any CPU
		{AEF47506-0E67-4F69-9537-8F88483BE054}.Release|Any CPU.Build.0 = Release|Any CPU
	EndGlobalSection
	GlobalSection(SolutionProperties) = preSolution
		HideSolutionNode = FALSE
	EndGlobalSection
	GlobalSection(ExtensibilityGlobals) = postSolution
		SolutionGuid = {8F9407D2-ECE3-46F0-A228-670173619525}
	EndGlobalSection
EndGlobal
